
Microsoft Visual Studio Solution File, Format Version 12.00
# Visual Studio Version 17
VisualStudioVersion = 17.9.34728.123
MinimumVisualStudioVersion = 10.0.40219.1
Project("{9A19103F-16F7-4668-BE54-9A1E7A4F7556}") = "majorproject.Server", "majorproject\Server\majorproject.Server.csproj", "{7FFE3C80-AC83-49F3-B2DF-AF31239C2FA8}"
EndProject
Project("{9A19103F-16F7-4668-BE54-9A1E7A4F7556}") = "majorproject.Client", "majorproject\Client\majorproject.Client.csproj", "{C49C43BB-D43F-4B62-AFB9-13C1FAD67083}"
EndProject
Project("{9A19103F-16F7-4668-BE54-9A1E7A4F7556}") = "majorproject.Shared", "majorproject\Shared\majorproject.Shared.csproj", "{B22627D0-600E-4012-91BC-B991FE7C21D5}"
EndProject
Global
	GlobalSection(SolutionConfigurationPlatforms) = preSolution
		Debug|Any CPU = Debug|Any CPU
		Release|Any CPU = Release|Any CPU
	EndGlobalSection
	GlobalSection(ProjectConfigurationPlatforms) = postSolution
		{7FFE3C80-AC83-49F3-B2DF-AF31239C2FA8}.Debug|Any CPU.ActiveCfg = Debug|Any CPU
		{7FFE3C80-AC83-49F3-B2DF-AF31239C2FA8}.Debug|Any CPU.Build.0 = Debug|Any CPU
		{7FFE3C80-AC83-49F3-B2DF-AF31239C2FA8}.Release|Any CPU.ActiveCfg = Release|Any CPU
		{7FFE3C80-AC83-49F3-B2DF-AF31239C2FA8}.Release|Any CPU.Build.0 = Release|Any CPU
		{C49C43BB-D43F-4B62-AFB9-13C1FAD67083}.Debug|Any CPU.ActiveCfg = Debug|Any CPU
		{C49C43BB-D43F-4B62-AFB9-13C1FAD67083}.Debug|Any CPU.Build.0 = Debug|Any CPU
		{C49C43BB-D43F-4B62-AFB9-13C1FAD67083}.Release|Any CPU.ActiveCfg = Release|Any CPU
		{C49C43BB-D43F-4B62-AFB9-13C1FAD67083}.Release|Any CPU.Build.0 = Release|Any CPU
		{B22627D0-600E-4012-91BC-B991FE7C21D5}.Debug|Any CPU.ActiveCfg = Debug|Any CPU
		{B22627D0-600E-4012-91BC-B991FE7C21D5}.Debug|Any CPU.Build.0 = Debug|Any CPU
		{B22627D0-600E-4012-91BC-B991FE7C21D5}.Release|Any CPU.ActiveCfg = Release|Any CPU
		{B22627D0-600E-4012-91BC-B991FE7C21D5}.Release|Any CPU.Build.0 = Release|Any CPU
	EndGlobalSection
	GlobalSection(SolutionProperties) = preSolution
		HideSolutionNode = FALSE
	EndGlobalSection
	GlobalSection(ExtensibilityGlobals) = postSolution
		SolutionGuid = {A554DFF6-AA3B-4C42-8636-2B40258A0D32}
	EndGlobalSection
EndGlobal
